
Microsoft Visual Studio Solution File, Format Version 12.00
Project("{FAE04EC0-301F-11D3-BF4B-00C04F79EFBC}") = "PirateChat", "PirateChat\PirateChat.csproj", "{73FC53D6-922F-4C09-A16D-F00C6E4DBB15}"
EndProject
Project("{FAE04EC0-301F-11D3-BF4B-00C04F79EFBC}") = "DataLoader", "DataLoader\DataLoader.csproj", "{713226C0-EE6E-42B0-A655-EE9D76263C47}"
EndProject
Global
	GlobalSection(SolutionConfigurationPlatforms) = preSolution
		Debug|Any CPU = Debug|Any CPU
		Release|Any CPU = Release|Any CPU
	EndGlobalSection
	GlobalSection(ProjectConfigurationPlatforms) = postSolution
		{73FC53D6-922F-4C09-A16D-F00C6E4DBB15}.Debug|Any CPU.ActiveCfg = Debug|Any CPU
		{73FC53D6-922F-4C09-A16D-F00C6E4DBB15}.Debug|Any CPU.Build.0 = Debug|Any CPU
		{73FC53D6-922F-4C09-A16D-F00C6E4DBB15}.Release|Any CPU.ActiveCfg = Release|Any CPU
		{73FC53D6-922F-4C09-A16D-F00C6E4DBB15}.Release|Any CPU.Build.0 = Release|Any CPU
		{713226C0-EE6E-42B0-A655-EE9D76263C47}.Debug|Any CPU.ActiveCfg = Debug|Any CPU
		{713226C0-EE6E-42B0-A655-EE9D76263C47}.Debug|Any CPU.Build.0 = Debug|Any CPU
		{713226C0-EE6E-42B0-A655-EE9D76263C47}.Release|Any CPU.ActiveCfg = Release|Any CPU
		{713226C0-EE6E-42B0-A655-EE9D76263C47}.Release|Any CPU.Build.0 = Release|Any CPU
	EndGlobalSection
EndGlobal
